// !$*UTF8*$!
{
	archiveVersion = 1;
	classes = {
	};
	objectVersion = 56;
	objects = {

/* Begin PBXBuildFile section */
		9935989D2B0E6A9B009B59CE /* AppDelegate.swift in Sources */ = {isa = PBXBuildFile; fileRef = 9935989C2B0E6A9B009B59CE /* AppDelegate.swift */; };
		9935989F2B0E6A9B009B59CE /* SceneDelegate.swift in Sources */ = {isa = PBXBuildFile; fileRef = 9935989E2B0E6A9B009B59CE /* SceneDelegate.swift */; };
		993598A12B0E6A9B009B59CE /* ViewController.swift in Sources */ = {isa = PBXBuildFile; fileRef = 993598A02B0E6A9B009B59CE /* ViewController.swift */; };
		993598A42B0E6A9B009B59CE /* Main.storyboard in Resources */ = {isa = PBXBuildFile; fileRef = 993598A22B0E6A9B009B59CE /* Main.storyboard */; };
		993598A62B0E6A9D009B59CE /* Assets.xcassets in Resources */ = {isa = PBXBuildFile; fileRef = 993598A52B0E6A9D009B59CE /* Assets.xcassets */; };
		993598A92B0E6A9D009B59CE /* LaunchScreen.storyboard in Resources */ = {isa = PBXBuildFile; fileRef = 993598A72B0E6A9D009B59CE /* LaunchScreen.storyboard */; };
		993598B42B0E6A9D009B59CE /* PasswordTests.swift in Sources */ = {isa = PBXBuildFile; fileRef = 993598B32B0E6A9D009B59CE /* PasswordTests.swift */; };
		993598BE2B0E6A9E009B59CE /* PasswordUITests.swift in Sources */ = {isa = PBXBuildFile; fileRef = 993598BD2B0E6A9E009B59CE /* PasswordUITests.swift */; };
		993598C02B0E6A9E009B59CE /* PasswordUITestsLaunchTests.swift in Sources */ = {isa = PBXBuildFile; fileRef = 993598BF2B0E6A9E009B59CE /* PasswordUITestsLaunchTests.swift */; };
/* End PBXBuildFile section */

/* Begin PBXContainerItemProxy section */
		993598B02B0E6A9D009B59CE /* PBXContainerItemProxy */ = {
			isa = PBXContainerItemProxy;
			containerPortal = 993598912B0E6A9B009B59CE /* Project object */;
			proxyType = 1;
			remoteGlobalIDString = 993598982B0E6A9B009B59CE;
			remoteInfo = Password;
		};
		993598BA2B0E6A9E009B59CE /* PBXContainerItemProxy */ = {
			isa = PBXContainerItemProxy;
			containerPortal = 993598912B0E6A9B009B59CE /* Project object */;
			proxyType = 1;
			remoteGlobalIDString = 993598982B0E6A9B009B59CE;
			remoteInfo = Password;
		};
/* End PBXContainerItemProxy section */

/* Begin PBXFileReference section */
		993598992B0E6A9B009B59CE /* Password.app */ = {isa = PBXFileReference; explicitFileType = wrapper.application; includeInIndex = 0; path = Password.app; sourceTree = BUILT_PRODUCTS_DIR; };
		9935989C2B0E6A9B009B59CE /* AppDelegate.swift */ = {isa = PBXFileReference; lastKnownFileType = sourcecode.swift; path = AppDelegate.swift; sourceTree = "<group>"; };
		9935989E2B0E6A9B009B59CE /* SceneDelegate.swift */ = {isa = PBXFileReference; lastKnownFileType = sourcecode.swift; path = SceneDelegate.swift; sourceTree = "<group>"; };
		993598A02B0E6A9B009B59CE /* ViewController.swift */ = {isa = PBXFileReference; lastKnownFileType = sourcecode.swift; path = ViewController.swift; sourceTree = "<group>"; };
		993598A32B0E6A9B009B59CE /* Base */ = {isa = PBXFileReference; lastKnownFileType = file.storyboard; name = Base; path = Base.lproj/Main.storyboard; sourceTree = "<group>"; };
		993598A52B0E6A9D009B59CE /* Assets.xcassets */ = {isa = PBXFileReference; lastKnownFileType = folder.assetcatalog; path = Assets.xcassets; sourceTree = "<group>"; };
		993598A82B0E6A9D009B59CE /* Base */ = {isa = PBXFileReference; lastKnownFileType = file.storyboard; name = Base; path = Base.lproj/LaunchScreen.storyboard; sourceTree = "<group>"; };
		993598AA2B0E6A9D009B59CE /* Info.plist */ = {isa = PBXFileReference; lastKnownFileType = text.plist.xml; path = Info.plist; sourceTree = "<group>"; };
		993598AF2B0E6A9D009B59CE /* PasswordTests.xctest */ = {isa = PBXFileReference; explicitFileType = wrapper.cfbundle; includeInIndex = 0; path = PasswordTests.xctest; sourceTree = BUILT_PRODUCTS_DIR; };
		993598B32B0E6A9D009B59CE /* PasswordTests.swift */ = {isa = PBXFileReference; lastKnownFileType = sourcecode.swift; path = PasswordTests.swift; sourceTree = "<group>"; };
		993598B92B0E6A9E009B59CE /* PasswordUITests.xctest */ = {isa = PBXFileReference; explicitFileType = wrapper.cfbundle; includeInIndex = 0; path = PasswordUITests.xctest; sourceTree = BUILT_PRODUCTS_DIR; };
		993598BD2B0E6A9E009B59CE /* PasswordUITests.swift */ = {isa = PBXFileReference; lastKnownFileType = sourcecode.swift; path = PasswordUITests.swift; sourceTree = "<group>"; };
		993598BF2B0E6A9E009B59CE /* PasswordUITestsLaunchTests.swift */ = {isa = PBXFileReference; lastKnownFileType = sourcecode.swift; path = PasswordUITestsLaunchTests.swift; sourceTree = "<group>"; };
/* End PBXFileReference section */

/* Begin PBXFrameworksBuildPhase section */
		993598962B0E6A9B009B59CE /* Frameworks */ = {
			isa = PBXFrameworksBuildPhase;
			buildActionMask = 2147483647;
			files = (
			);
			runOnlyForDeploymentPostprocessing = 0;
		};
		993598AC2B0E6A9D009B59CE /* Frameworks */ = {
			isa = PBXFrameworksBuildPhase;
			buildActionMask = 2147483647;
			files = (
			);
			runOnlyForDeploymentPostprocessing = 0;
		};
		993598B62B0E6A9E009B59CE /* Frameworks */ = {
			isa = PBXFrameworksBuildPhase;
			buildActionMask = 2147483647;
			files = (
			);
			runOnlyForDeploymentPostprocessing = 0;
		};
/* End PBXFrameworksBuildPhase section */

/* Begin PBXGroup section */
		993598902B0E6A9B009B59CE = {
			isa = PBXGroup;
			children = (
				9935989B2B0E6A9B009B59CE /* Password */,
				993598B22B0E6A9D009B59CE /* PasswordTests */,
				993598BC2B0E6A9E009B59CE /* PasswordUITests */,
				9935989A2B0E6A9B009B59CE /* Products */,
			);
			sourceTree = "<group>";
		};
		9935989A2B0E6A9B009B59CE /* Products */ = {
			isa = PBXGroup;
			children = (
				993598992B0E6A9B009B59CE /* Password.app */,
				993598AF2B0E6A9D009B59CE /* PasswordTests.xctest */,
				993598B92B0E6A9E009B59CE /* PasswordUITests.xctest */,
			);
			name = Products;
			sourceTree = "<group>";
		};
		9935989B2B0E6A9B009B59CE /* Password */ = {
			isa = PBXGroup;
			children = (
				9935989C2B0E6A9B009B59CE /* AppDelegate.swift */,
				9935989E2B0E6A9B009B59CE /* SceneDelegate.swift */,
				993598A02B0E6A9B009B59CE /* ViewController.swift */,
				993598A22B0E6A9B009B59CE /* Main.storyboard */,
				993598A52B0E6A9D009B59CE /* Assets.xcassets */,
				993598A72B0E6A9D009B59CE /* LaunchScreen.storyboard */,
				993598AA2B0E6A9D009B59CE /* Info.plist */,
			);
			path = Password;
			sourceTree = "<group>";
		};
		993598B22B0E6A9D009B59CE /* PasswordTests */ = {
			isa = PBXGroup;
			children = (
				993598B32B0E6A9D009B59CE /* PasswordTests.swift */,
			);
			path = PasswordTests;
			sourceTree = "<group>";
		};
		993598BC2B0E6A9E009B59CE /* PasswordUITests */ = {
			isa = PBXGroup;
			children = (
				993598BD2B0E6A9E009B59CE /* PasswordUITests.swift */,
				993598BF2B0E6A9E009B59CE /* PasswordUITestsLaunchTests.swift */,
			);
			path = PasswordUITests;
			sourceTree = "<group>";
		};
/* End PBXGroup section */

/* Begin PBXNativeTarget section */
		993598982B0E6A9B009B59CE /* Password */ = {
			isa = PBXNativeTarget;
			buildConfigurationList = 993598C32B0E6A9E009B59CE /* Build configuration list for PBXNativeTarget "Password" */;
			buildPhases = (
				993598952B0E6A9B009B59CE /* Sources */,
				993598962B0E6A9B009B59CE /* Frameworks */,
				993598972B0E6A9B009B59CE /* Resources */,
			);
			buildRules = (
			);
			dependencies = (
			);
			name = Password;
			productName = Password;
			productReference = 993598992B0E6A9B009B59CE /* Password.app */;
			productType = "com.apple.product-type.application";
		};
		993598AE2B0E6A9D009B59CE /* PasswordTests */ = {
			isa = PBXNativeTarget;
			buildConfigurationList = 993598C62B0E6A9E009B59CE /* Build configuration list for PBXNativeTarget "PasswordTests" */;
			buildPhases = (
				993598AB2B0E6A9D009B59CE /* Sources */,
				993598AC2B0E6A9D009B59CE /* Frameworks */,
				993598AD2B0E6A9D009B59CE /* Resources */,
			);
			buildRules = (
			);
			dependencies = (
				993598B12B0E6A9D009B59CE /* PBXTargetDependency */,
			);
			name = PasswordTests;
			productName = PasswordTests;
			productReference = 993598AF2B0E6A9D009B59CE /* PasswordTests.xctest */;
			productType = "com.apple.product-type.bundle.unit-test";
		};
		993598B82B0E6A9E009B59CE /* PasswordUITests */ = {
			isa = PBXNativeTarget;
			buildConfigurationList = 993598C92B0E6A9E009B59CE /* Build configuration list for PBXNativeTarget "PasswordUITests" */;
			buildPhases = (
				993598B52B0E6A9E009B59CE /* Sources */,
				993598B62B0E6A9E009B59CE /* Frameworks */,
				993598B72B0E6A9E009B59CE /* Resources */,
			);
			buildRules = (
			);
			dependencies = (
				993598BB2B0E6A9E009B59CE /* PBXTargetDependency */,
			);
			name = PasswordUITests;
			productName = PasswordUITests;
			productReference = 993598B92B0E6A9E009B59CE /* PasswordUITests.xctest */;
			productType = "com.apple.product-type.bundle.ui-testing";
		};
/* End PBXNativeTarget section */

/* Begin PBXProject section */
		993598912B0E6A9B009B59CE /* Project object */ = {
			isa = PBXProject;
			attributes = {
				BuildIndependentTargetsInParallel = 1;
				LastSwiftUpdateCheck = 1430;
				LastUpgradeCheck = 1430;
				TargetAttributes = {
					993598982B0E6A9B009B59CE = {
						CreatedOnToolsVersion = 14.3.1;
					};
					993598AE2B0E6A9D009B59CE = {
						CreatedOnToolsVersion = 14.3.1;
						TestTargetID = 993598982B0E6A9B009B59CE;
					};
					993598B82B0E6A9E009B59CE = {
						CreatedOnToolsVersion = 14.3.1;
						TestTargetID = 993598982B0E6A9B009B59CE;
					};
				};
			};
			buildConfigurationList = 993598942B0E6A9B009B59CE /* Build configuration list for PBXProject "Password" */;
			compatibilityVersion = "Xcode 14.0";
			developmentRegion = en;
			hasScannedForEncodings = 0;
			knownRegions = (
				en,
				Base,
			);
			mainGroup = 993598902B0E6A9B009B59CE;
			productRefGroup = 9935989A2B0E6A9B009B59CE /* Products */;
			projectDirPath = "";
			projectRoot = "";
			targets = (
				993598982B0E6A9B009B59CE /* Password */,
				993598AE2B0E6A9D009B59CE /* PasswordTests */,
				993598B82B0E6A9E009B59CE /* PasswordUITests */,
			);
		};
/* End PBXProject section */

/* Begin PBXResourcesBuildPhase section */
		993598972B0E6A9B009B59CE /* Resources */ = {
			isa = PBXResourcesBuildPhase;
			buildActionMask = 2147483647;
			files = (
				993598A92B0E6A9D009B59CE /* LaunchScreen.storyboard in Resources */,
				993598A62B0E6A9D009B59CE /* Assets.xcassets in Resources */,
				993598A42B0E6A9B009B59CE /* Main.storyboard in Resources */,
			);
			runOnlyForDeploymentPostprocessing = 0;
		};
		993598AD2B0E6A9D009B59CE /* Resources */ = {
			isa = PBXResourcesBuildPhase;
			buildActionMask = 2147483647;
			files = (
			);
			runOnlyForDeploymentPostprocessing = 0;
		};
		993598B72B0E6A9E009B59CE /* Resources */ = {
			isa = PBXResourcesBuildPhase;
			buildActionMask = 2147483647;
			files = (
			);
			runOnlyForDeploymentPostprocessing = 0;
		};
/* End PBXResourcesBuildPhase section */

/* Begin PBXSourcesBuildPhase section */
		993598952B0E6A9B009B59CE /* Sources */ = {
			isa = PBXSourcesBuildPhase;
			buildActionMask = 2147483647;
			files = (
				993598A12B0E6A9B009B59CE /* ViewController.swift in Sources */,
				9935989D2B0E6A9B009B59CE /* AppDelegate.swift in Sources */,
				9935989F2B0E6A9B009B59CE /* SceneDelegate.swift in Sources */,
			);
			runOnlyForDeploymentPostprocessing = 0;
		};
		993598AB2B0E6A9D009B59CE /* Sources */ = {
			isa = PBXSourcesBuildPhase;
			buildActionMask = 2147483647;
			files = (
				993598B42B0E6A9D009B59CE /* PasswordTests.swift in Sources */,
			);
			runOnlyForDeploymentPostprocessing = 0;
		};
		993598B52B0E6A9E009B59CE /* Sources */ = {
			isa = PBXSourcesBuildPhase;
			buildActionMask = 2147483647;
			files = (
				993598C02B0E6A9E009B59CE /* PasswordUITestsLaunchTests.swift in Sources */,
				993598BE2B0E6A9E009B59CE /* PasswordUITests.swift in Sources */,
			);
			runOnlyForDeploymentPostprocessing = 0;
		};
/* End PBXSourcesBuildPhase section */

/* Begin PBXTargetDependency section */
		993598B12B0E6A9D009B59CE /* PBXTargetDependency */ = {
			isa = PBXTargetDependency;
			target = 993598982B0E6A9B009B59CE /* Password */;
			targetProxy = 993598B02B0E6A9D009B59CE /* PBXContainerItemProxy */;
		};
		993598BB2B0E6A9E009B59CE /* PBXTargetDependency */ = {
			isa = PBXTargetDependency;
			target = 993598982B0E6A9B009B59CE /* Password */;
			targetProxy = 993598BA2B0E6A9E009B59CE /* PBXContainerItemProxy */;
		};
/* End PBXTargetDependency section */

/* Begin PBXVariantGroup section */
		993598A22B0E6A9B009B59CE /* Main.storyboard */ = {
			isa = PBXVariantGroup;
			children = (
				993598A32B0E6A9B009B59CE /* Base */,
			);
			name = Main.storyboard;
			sourceTree = "<group>";
		};
		993598A72B0E6A9D009B59CE /* LaunchScreen.storyboard */ = {
			isa = PBXVariantGroup;
			children = (
				993598A82B0E6A9D009B59CE /* Base */,
			);
			name = LaunchScreen.storyboard;
			sourceTree = "<group>";
		};
/* End PBXVariantGroup section */

/* Begin XCBuildConfiguration section */
		993598C12B0E6A9E009B59CE /* Debug */ = {
			isa = XCBuildConfiguration;
			buildSettings = {
				ALWAYS_SEARCH_USER_PATHS = NO;
				CLANG_ANALYZER_NONNULL = YES;
				CLANG_ANALYZER_NUMBER_OBJECT_CONVERSION = YES_AGGRESSIVE;
				CLANG_CXX_LANGUAGE_STANDARD = "gnu++20";
				CLANG_ENABLE_MODULES = YES;
				CLANG_ENABLE_OBJC_ARC = YES;
				CLANG_ENABLE_OBJC_WEAK = YES;
				CLANG_WARN_BLOCK_CAPTURE_AUTORELEASING = YES;
				CLANG_WARN_BOOL_CONVERSION = YES;
				CLANG_WARN_COMMA = YES;
				CLANG_WARN_CONSTANT_CONVERSION = YES;
				CLANG_WARN_DEPRECATED_OBJC_IMPLEMENTATIONS = YES;
				CLANG_WARN_DIRECT_OBJC_ISA_USAGE = YES_ERROR;
				CLANG_WARN_DOCUMENTATION_COMMENTS = YES;
				CLANG_WARN_EMPTY_BODY = YES;
				CLANG_WARN_ENUM_CONVERSION = YES;
				CLANG_WARN_INFINITE_RECURSION = YES;
				CLANG_WARN_INT_CONVERSION = YES;
				CLANG_WARN_NON_LITERAL_NULL_CONVERSION = YES;
				CLANG_WARN_OBJC_IMPLICIT_RETAIN_SELF = YES;
				CLANG_WARN_OBJC_LITERAL_CONVERSION = YES;
				CLANG_WARN_OBJC_ROOT_CLASS = YES_ERROR;
				CLANG_WARN_QUOTED_INCLUDE_IN_FRAMEWORK_HEADER = YES;
				CLANG_WARN_RANGE_LOOP_ANALYSIS = YES;
				CLANG_WARN_STRICT_PROTOTYPES = YES;
				CLANG_WARN_SUSPICIOUS_MOVE = YES;
				CLANG_WARN_UNGUARDED_AVAILABILITY = YES_AGGRESSIVE;
				CLANG_WARN_UNREACHABLE_CODE = YES;
				CLANG_WARN__DUPLICATE_METHOD_MATCH = YES;
				COPY_PHASE_STRIP = NO;
				DEBUG_INFORMATION_FORMAT = dwarf;
				ENABLE_STRICT_OBJC_MSGSEND = YES;
				ENABLE_TESTABILITY = YES;
				GCC_C_LANGUAGE_STANDARD = gnu11;
				GCC_DYNAMIC_NO_PIC = NO;
				GCC_NO_COMMON_BLOCKS = YES;
				GCC_OPTIMIZATION_LEVEL = 0;
				GCC_PREPROCESSOR_DEFINITIONS = (
					"DEBUG=1",
					"$(inherited)",
				);
				GCC_WARN_64_TO_32_BIT_CONVERSION = YES;
				GCC_WARN_ABOUT_RETURN_TYPE = YES_ERROR;
				GCC_WARN_UNDECLARED_SELECTOR = YES;
				GCC_WARN_UNINITIALIZED_AUTOS = YES_AGGRESSIVE;
				GCC_WARN_UNUSED_FUNCTION = YES;
				GCC_WARN_UNUSED_VARIABLE = YES;
				IPHONEOS_DEPLOYMENT_TARGET = 16.4;
				MTL_ENABLE_DEBUG_INFO = INCLUDE_SOURCE;
				MTL_FAST_MATH = YES;
				ONLY_ACTIVE_ARCH = YES;
				SDKROOT = iphoneos;
				SWIFT_ACTIVE_COMPILATION_CONDITIONS = DEBUG;
				SWIFT_OPTIMIZATION_LEVEL = "-Onone";
			};
			name = Debug;
		};
		993598C22B0E6A9E009B59CE /* Release */ = {
			isa = XCBuildConfiguration;
			buildSettings = {
				ALWAYS_SEARCH_USER_PATHS = NO;
				CLANG_ANALYZER_NONNULL = YES;
				CLANG_ANALYZER_NUMBER_OBJECT_CONVERSION = YES_AGGRESSIVE;
				CLANG_CXX_LANGUAGE_STANDARD = "gnu++20";
				CLANG_ENABLE_MODULES = YES;
				CLANG_ENABLE_OBJC_ARC = YES;
				CLANG_ENABLE_OBJC_WEAK = YES;
				CLANG_WARN_BLOCK_CAPTURE_AUTORELEASING = YES;
				CLANG_WARN_BOOL_CONVERSION = YES;
				CLANG_WARN_COMMA = YES;
				CLANG_WARN_CONSTANT_CONVERSION = YES;
				CLANG_WARN_DEPRECATED_OBJC_IMPLEMENTATIONS = YES;
				CLANG_WARN_DIRECT_OBJC_ISA_USAGE = YES_ERROR;
				CLANG_WARN_DOCUMENTATION_COMMENTS = YES;
				CLANG_WARN_EMPTY_BODY = YES;
				CLANG_WARN_ENUM_CONVERSION = YES;
				CLANG_WARN_INFINITE_RECURSION = YES;
				CLANG_WARN_INT_CONVERSION = YES;
				CLANG_WARN_NON_LITERAL_NULL_CONVERSION = YES;
				CLANG_WARN_OBJC_IMPLICIT_RETAIN_SELF = YES;
				CLANG_WARN_OBJC_LITERAL_CONVERSION = YES;
				CLANG_WARN_OBJC_ROOT_CLASS = YES_ERROR;
				CLANG_WARN_QUOTED_INCLUDE_IN_FRAMEWORK_HEADER = YES;
				CLANG_WARN_RANGE_LOOP_ANALYSIS = YES;
				CLANG_WARN_STRICT_PROTOTYPES = YES;
				CLANG_WARN_SUSPICIOUS_MOVE = YES;
				CLANG_WARN_UNGUARDED_AVAILABILITY = YES_AGGRESSIVE;
				CLANG_WARN_UNREACHABLE_CODE = YES;
				CLANG_WARN__DUPLICATE_METHOD_MATCH = YES;
				COPY_PHASE_STRIP = NO;
				DEBUG_INFORMATION_FORMAT = "dwarf-with-dsym";
				ENABLE_NS_ASSERTIONS = NO;
				ENABLE_STRICT_OBJC_MSGSEND = YES;
				GCC_C_LANGUAGE_STANDARD = gnu11;
				GCC_NO_COMMON_BLOCKS = YES;
				GCC_WARN_64_TO_32_BIT_CONVERSION = YES;
				GCC_WARN_ABOUT_RETURN_TYPE = YES_ERROR;
				GCC_WARN_UNDECLARED_SELECTOR = YES;
				GCC_WARN_UNINITIALIZED_AUTOS = YES_AGGRESSIVE;
				GCC_WARN_UNUSED_FUNCTION = YES;
				GCC_WARN_UNUSED_VARIABLE = YES;
				IPHONEOS_DEPLOYMENT_TARGET = 16.4;
				MTL_ENABLE_DEBUG_INFO = NO;
				MTL_FAST_MATH = YES;
				SDKROOT = iphoneos;
				SWIFT_COMPILATION_MODE = wholemodule;
				SWIFT_OPTIMIZATION_LEVEL = "-O";
				VALIDATE_PRODUCT = YES;
			};
			name = Release;
		};
		993598C42B0E6A9E009B59CE /* Debug */ = {
			isa = XCBuildConfiguration;
			buildSettings = {
				ASSETCATALOG_COMPILER_APPICON_NAME = AppIcon;
				ASSETCATALOG_COMPILER_GLOBAL_ACCENT_COLOR_NAME = AccentColor;
				CODE_SIGN_STYLE = Automatic;
				CURRENT_PROJECT_VERSION = 1;
				GENERATE_INFOPLIST_FILE = YES;
				INFOPLIST_FILE = Password/Info.plist;
				INFOPLIST_KEY_UIApplicationSupportsIndirectInputEvents = YES;
				INFOPLIST_KEY_UILaunchStoryboardName = LaunchScreen;
				INFOPLIST_KEY_UIMainStoryboardFile = Main;
				INFOPLIST_KEY_UISupportedInterfaceOrientations_iPad = "UIInterfaceOrientationPortrait UIInterfaceOrientationPortraitUpsideDown UIInterfaceOrientationLandscapeLeft UIInterfaceOrientationLandscapeRight";
				INFOPLIST_KEY_UISupportedInterfaceOrientations_iPhone = "UIInterfaceOrientationPortrait UIInterfaceOrientationLandscapeLeft UIInterfaceOrientationLandscapeRight";
				LD_RUNPATH_SEARCH_PATHS = (
					"$(inherited)",
					"@executable_path/Frameworks",
				);
				MARKETING_VERSION = 1.0;
				PRODUCT_BUNDLE_IDENTIFIER = arda.buyukhatipoglu.Password;
				PRODUCT_NAME = "$(TARGET_NAME)";
				SWIFT_EMIT_LOC_STRINGS = YES;
				SWIFT_VERSION = 5.0;
				TARGETED_DEVICE_FAMILY = "1,2";
			};
			name = Debug;
		};
		993598C52B0E6A9E009B59CE /* Release */ = {
			isa = XCBuildConfiguration;
			buildSettings = {
				ASSETCATALOG_COMPILER_APPICON_NAME = AppIcon;
				ASSETCATALOG_COMPILER_GLOBAL_ACCENT_COLOR_NAME = AccentColor;
				CODE_SIGN_STYLE = Automatic;
				CURRENT_PROJECT_VERSION = 1;
				GENERATE_INFOPLIST_FILE = YES;
				INFOPLIST_FILE = Password/Info.plist;
				INFOPLIST_KEY_UIApplicationSupportsIndirectInputEvents = YES;
				INFOPLIST_KEY_UILaunchStoryboardName = LaunchScreen;
				INFOPLIST_KEY_UIMainStoryboardFile = Main;
				INFOPLIST_KEY_UISupportedInterfaceOrientations_iPad = "UIInterfaceOrientationPortrait UIInterfaceOrientationPortraitUpsideDown UIInterfaceOrientationLandscapeLeft UIInterfaceOrientationLandscapeRight";
				INFOPLIST_KEY_UISupportedInterfaceOrientations_iPhone = "UIInterfaceOrientationPortrait UIInterfaceOrientationLandscapeLeft UIInterfaceOrientationLandscapeRight";
				LD_RUNPATH_SEARCH_PATHS = (
					"$(inherited)",
					"@executable_path/Frameworks",
				);
				MARKETING_VERSION = 1.0;
				PRODUCT_BUNDLE_IDENTIFIER = arda.buyukhatipoglu.Password;
				PRODUCT_NAME = "$(TARGET_NAME)";
				SWIFT_EMIT_LOC_STRINGS = YES;
				SWIFT_VERSION = 5.0;
				TARGETED_DEVICE_FAMILY = "1,2";
			};
			name = Release;
		};
		993598C72B0E6A9E009B59CE /* Debug */ = {
			isa = XCBuildConfiguration;
			buildSettings = {
				ALWAYS_EMBED_SWIFT_STANDARD_LIBRARIES = YES;
				BUNDLE_LOADER = "$(TEST_HOST)";
				CODE_SIGN_STYLE = Automatic;
				CURRENT_PROJECT_VERSION = 1;
				GENERATE_INFOPLIST_FILE = YES;
				IPHONEOS_DEPLOYMENT_TARGET = 16.4;
				MARKETING_VERSION = 1.0;
				PRODUCT_BUNDLE_IDENTIFIER = arda.buyukhatipoglu.PasswordTests;
				PRODUCT_NAME = "$(TARGET_NAME)";
				SWIFT_EMIT_LOC_STRINGS = NO;
				SWIFT_VERSION = 5.0;
				TARGETED_DEVICE_FAMILY = "1,2";
				TEST_HOST = "$(BUILT_PRODUCTS_DIR)/Password.app/$(BUNDLE_EXECUTABLE_FOLDER_PATH)/Password";
			};
			name = Debug;
		};
		993598C82B0E6A9E009B59CE /* Release */ = {
			isa = XCBuildConfiguration;
			buildSettings = {
				ALWAYS_EMBED_SWIFT_STANDARD_LIBRARIES = YES;
				BUNDLE_LOADER = "$(TEST_HOST)";
				CODE_SIGN_STYLE = Automatic;
				CURRENT_PROJECT_VERSION = 1;
				GENERATE_INFOPLIST_FILE = YES;
				IPHONEOS_DEPLOYMENT_TARGET = 16.4;
				MARKETING_VERSION = 1.0;
				PRODUCT_BUNDLE_IDENTIFIER = arda.buyukhatipoglu.PasswordTests;
				PRODUCT_NAME = "$(TARGET_NAME)";
				SWIFT_EMIT_LOC_STRINGS = NO;
				SWIFT_VERSION = 5.0;
				TARGETED_DEVICE_FAMILY = "1,2";
				TEST_HOST = "$(BUILT_PRODUCTS_DIR)/Password.app/$(BUNDLE_EXECUTABLE_FOLDER_PATH)/Password";
			};
			name = Release;
		};
		993598CA2B0E6A9E009B59CE /* Debug */ = {
			isa = XCBuildConfiguration;
			buildSettings = {
				ALWAYS_EMBED_SWIFT_STANDARD_LIBRARIES = YES;
				CODE_SIGN_STYLE = Automatic;
				CURRENT_PROJECT_VERSION = 1;
				GENERATE_INFOPLIST_FILE = YES;
				MARKETING_VERSION = 1.0;
				PRODUCT_BUNDLE_IDENTIFIER = arda.buyukhatipoglu.PasswordUITests;
				PRODUCT_NAME = "$(TARGET_NAME)";
				SWIFT_EMIT_LOC_STRINGS = NO;
				SWIFT_VERSION = 5.0;
				TARGETED_DEVICE_FAMILY = "1,2";
				TEST_TARGET_NAME = Password;
			};
			name = Debug;
		};
		993598CB2B0E6A9E009B59CE /* Release */ = {
			isa = XCBuildConfiguration;
			buildSettings = {
				ALWAYS_EMBED_SWIFT_STANDARD_LIBRARIES = YES;
				CODE_SIGN_STYLE = Automatic;
				CURRENT_PROJECT_VERSION = 1;
				GENERATE_INFOPLIST_FILE = YES;
				MARKETING_VERSION = 1.0;
				PRODUCT_BUNDLE_IDENTIFIER = arda.buyukhatipoglu.PasswordUITests;
				PRODUCT_NAME = "$(TARGET_NAME)";
				SWIFT_EMIT_LOC_STRINGS = NO;
				SWIFT_VERSION = 5.0;
				TARGETED_DEVICE_FAMILY = "1,2";
				TEST_TARGET_NAME = Password;
			};
			name = Release;
		};
/* End XCBuildConfiguration section */

/* Begin XCConfigurationList section */
		993598942B0E6A9B009B59CE /* Build configuration list for PBXProject "Password" */ = {
			isa = XCConfigurationList;
			buildConfigurations = (
				993598C12B0E6A9E009B59CE /* Debug */,
				993598C22B0E6A9E009B59CE /* Release */,
			);
			defaultConfigurationIsVisible = 0;
			defaultConfigurationName = Release;
		};
		993598C32B0E6A9E009B59CE /* Build configuration list for PBXNativeTarget "Password" */ = {
			isa = XCConfigurationList;
			buildConfigurations = (
				993598C42B0E6A9E009B59CE /* Debug */,
				993598C52B0E6A9E009B59CE /* Release */,
			);
			defaultConfigurationIsVisible = 0;
			defaultConfigurationName = Release;
		};
		993598C62B0E6A9E009B59CE /* Build configuration list for PBXNativeTarget "PasswordTests" */ = {
			isa = XCConfigurationList;
			buildConfigurations = (
				993598C72B0E6A9E009B59CE /* Debug */,
				993598C82B0E6A9E009B59CE /* Release */,
			);
			defaultConfigurationIsVisible = 0;
			defaultConfigurationName = Release;
		};
		993598C92B0E6A9E009B59CE /* Build configuration list for PBXNativeTarget "PasswordUITests" */ = {
			isa = XCConfigurationList;
			buildConfigurations = (
				993598CA2B0E6A9E009B59CE /* Debug */,
				993598CB2B0E6A9E009B59CE /* Release */,
			);
			defaultConfigurationIsVisible = 0;
			defaultConfigurationName = Release;
		};
/* End XCConfigurationList section */
	};
	rootObject = 993598912B0E6A9B009B59CE /* Project object */;
}
